
Microsoft Visual Studio Solution File, Format Version 12.00
# Visual Studio Version 17
VisualStudioVersion = 17.10.34916.146
MinimumVisualStudioVersion = 10.0.40219.1
Project("{FAE04EC0-301F-11D3-BF4B-00C04F79EFBC}") = "FunctionApp-LearnRavi", "FunctionApp-LearnRavi\FunctionApp-LearnRavi.csproj", "{989D63B9-0D85-4E3F-BC11-F3E0DB87B768}"
EndProject
Global
	GlobalSection(SolutionConfigurationPlatforms) = preSolution
		Debug|Any CPU = Debug|Any CPU
		Release|Any CPU = Release|Any CPU
	EndGlobalSection
	GlobalSection(ProjectConfigurationPlatforms) = postSolution
		{989D63B9-0D85-4E3F-BC11-F3E0DB87B768}.Debug|Any CPU.ActiveCfg = Debug|Any CPU
		{989D63B9-0D85-4E3F-BC11-F3E0DB87B768}.Debug|Any CPU.Build.0 = Debug|Any CPU
		{989D63B9-0D85-4E3F-BC11-F3E0DB87B768}.Release|Any CPU.ActiveCfg = Release|Any CPU
		{989D63B9-0D85-4E3F-BC11-F3E0DB87B768}.Release|Any CPU.Build.0 = Release|Any CPU
	EndGlobalSection
	GlobalSection(SolutionProperties) = preSolution
		HideSolutionNode = FALSE
	EndGlobalSection
	GlobalSection(ExtensibilityGlobals) = postSolution
		SolutionGuid = {40C6F75F-5902-4D1E-8A60-6F6CB12B55D4}
	EndGlobalSection
EndGlobal
